
Microsoft Visual Studio Solution File, Format Version 12.00
# Visual Studio Version 16
VisualStudioVersion = 16.0.29709.97
MinimumVisualStudioVersion = 10.0.40219.1
Project("{8BC9CEB8-8B4A-11D0-8D11-00A0C91BC942}") = "5_лаб", "5_лаб\5_лаб.vcxproj", "{ED9D9E90-46D2-4AF3-A76E-A27CE0F81D65}"
EndProject
Global
	GlobalSection(SolutionConfigurationPlatforms) = preSolution
		Debug|x64 = Debug|x64
		Debug|x86 = Debug|x86
		Release|x64 = Release|x64
		Release|x86 = Release|x86
	EndGlobalSection
	GlobalSection(ProjectConfigurationPlatforms) = postSolution
		{ED9D9E90-46D2-4AF3-A76E-A27CE0F81D65}.Debug|x64.ActiveCfg = Debug|x64
		{ED9D9E90-46D2-4AF3-A76E-A27CE0F81D65}.Debug|x64.Build.0 = Debug|x64
		{ED9D9E90-46D2-4AF3-A76E-A27CE0F81D65}.Debug|x86.ActiveCfg = Debug|Win32
		{ED9D9E90-46D2-4AF3-A76E-A27CE0F81D65}.Debug|x86.Build.0 = Debug|Win32
		{ED9D9E90-46D2-4AF3-A76E-A27CE0F81D65}.Release|x64.ActiveCfg = Release|x64
		{ED9D9E90-46D2-4AF3-A76E-A27CE0F81D65}.Release|x64.Build.0 = Release|x64
		{ED9D9E90-46D2-4AF3-A76E-A27CE0F81D65}.Release|x86.ActiveCfg = Release|Win32
		{ED9D9E90-46D2-4AF3-A76E-A27CE0F81D65}.Release|x86.Build.0 = Release|Win32
	EndGlobalSection
	GlobalSection(SolutionProperties) = preSolution
		HideSolutionNode = FALSE
	EndGlobalSection
	GlobalSection(ExtensibilityGlobals) = postSolution
		SolutionGuid = {2CBFFE59-E394-4032-8EFB-99D8C38D6425}
	EndGlobalSection
EndGlobal
